
Microsoft Visual Studio Solution File, Format Version 12.00
# Visual Studio 2013
VisualStudioVersion = 12.0.31101.0
MinimumVisualStudioVersion = 10.0.40219.1
Project("{FAE04EC0-301F-11D3-BF4B-00C04F79EFBC}") = "CSharpProjectWithDefaultOutputDirectories", "CSharpProjectWithDefaultOutputDirectories.csproj", "{9362DC08-A88E-4067-8BDA-9715CF3BE039}"
EndProject
Project("{8BC9CEB8-8B4A-11D0-8D11-00A0C91BC942}") = "CPlusPlusWithCustomOutputDirectoriesProjectName", "CPlusPlusProjectWithCustomOutputDirectories.vcxproj", "{1F6F6D89-3508-4398-8C7C-915F6020EBEF}"
EndProject
Project("{8BC9CEB8-8B4A-11D0-8D11-00A0C91BC942}") = "CPlusPlusProjectWithDefaultOutputDirectories", "CPlusPlusProjectWithDefaultOutputDirectories.vcxproj", "{F6388758-2725-452B-ACA1-4E0025DBD8F1}"
EndProject
Project("{FAE04EC0-301F-11D3-BF4B-00C04F79EFBC}") = "CSharpProjectWithCustomOutputDirectories", "CSharpProjectWithCustomOutputDirectories.csproj", "{DC9308A8-C60D-4D8D-8536-001AB20207BB}"
EndProject
Project("{FAE04EC0-301F-11D3-BF4B-00C04F79EFBC}") = "ClassLibrary", "ClassLibrary.csproj", "{EA7EDFE1-07C3-403D-9440-CA52D6454623}"
EndProject
Project("{8BC9CEB8-8B4A-11D0-8D11-00A0C91BC942}") = "Win32Project", "Win32Project.vcxproj", "{CD0A29D9-4956-46D4-B597-76FEF7A9D06D}"
EndProject
Global
	GlobalSection(SolutionConfigurationPlatforms) = preSolution
		Debug|Any CPU = Debug|Any CPU
		Debug|Mixed Platforms = Debug|Mixed Platforms
		Debug|Win32 = Debug|Win32
		Debug|x86 = Debug|x86
		Release|Any CPU = Release|Any CPU
		Release|Mixed Platforms = Release|Mixed Platforms
		Release|Win32 = Release|Win32
		Release|x86 = Release|x86
		Test|Any CPU = Test|Any CPU
		Test|Mixed Platforms = Test|Mixed Platforms
		Test|Win32 = Test|Win32
		Test|x86 = Test|x86
	EndGlobalSection
	GlobalSection(ProjectConfigurationPlatforms) = postSolution
		{9362DC08-A88E-4067-8BDA-9715CF3BE039}.Debug|Any CPU.ActiveCfg = Debug|x86
		{9362DC08-A88E-4067-8BDA-9715CF3BE039}.Debug|Mixed Platforms.ActiveCfg = Debug|x86
		{9362DC08-A88E-4067-8BDA-9715CF3BE039}.Debug|Mixed Platforms.Build.0 = Debug|x86
		{9362DC08-A88E-4067-8BDA-9715CF3BE039}.Debug|Win32.ActiveCfg = Debug|x86
		{9362DC08-A88E-4067-8BDA-9715CF3BE039}.Debug|x86.ActiveCfg = Debug|x86
		{9362DC08-A88E-4067-8BDA-9715CF3BE039}.Debug|x86.Build.0 = Debug|x86
		{9362DC08-A88E-4067-8BDA-9715CF3BE039}.Release|Any CPU.ActiveCfg = Release|x86
		{9362DC08-A88E-4067-8BDA-9715CF3BE039}.Release|Mixed Platforms.ActiveCfg = Release|x86
		{9362DC08-A88E-4067-8BDA-9715CF3BE039}.Release|Mixed Platforms.Build.0 = Release|x86
		{9362DC08-A88E-4067-8BDA-9715CF3BE039}.Release|Win32.ActiveCfg = Release|x86
		{9362DC08-A88E-4067-8BDA-9715CF3BE039}.Release|x86.ActiveCfg = Release|x86
		{9362DC08-A88E-4067-8BDA-9715CF3BE039}.Release|x86.Build.0 = Release|x86
		{9362DC08-A88E-4067-8BDA-9715CF3BE039}.Test|Any CPU.ActiveCfg = Release|x86
		{9362DC08-A88E-4067-8BDA-9715CF3BE039}.Test|Mixed Platforms.ActiveCfg = Release|x86
		{9362DC08-A88E-4067-8BDA-9715CF3BE039}.Test|Mixed Platforms.Build.0 = Release|x86
		{9362DC08-A88E-4067-8BDA-9715CF3BE039}.Test|Win32.ActiveCfg = Release|x86
		{9362DC08-A88E-4067-8BDA-9715CF3BE039}.Test|x86.ActiveCfg = Release|x86
		{9362DC08-A88E-4067-8BDA-9715CF3BE039}.Test|x86.Build.0 = Release|x86
		{1F6F6D89-3508-4398-8C7C-915F6020EBEF}.Debug|Any CPU.ActiveCfg = Debug|Win32
		{1F6F6D89-3508-4398-8C7C-915F6020EBEF}.Debug|Mixed Platforms.ActiveCfg = Debug|Win32
		{1F6F6D89-3508-4398-8C7C-915F6020EBEF}.Debug|Mixed Platforms.Build.0 = Debug|Win32
		{1F6F6D89-3508-4398-8C7C-915F6020EBEF}.Debug|Win32.ActiveCfg = Debug|Win32
		{1F6F6D89-3508-4398-8C7C-915F6020EBEF}.Debug|Win32.Build.0 = Debug|Win32
		{1F6F6D89-3508-4398-8C7C-915F6020EBEF}.Debug|x86.ActiveCfg = Debug|Win32
		{1F6F6D89-3508-4398-8C7C-915F6020EBEF}.Release|Any CPU.ActiveCfg = Release|Win32
		{1F6F6D89-3508-4398-8C7C-915F6020EBEF}.Release|Mixed Platforms.ActiveCfg = Release|Win32
		{1F6F6D89-3508-4398-8C7C-915F6020EBEF}.Release|Mixed Platforms.Build.0 = Release|Win32
		{1F6F6D89-3508-4398-8C7C-915F6020EBEF}.Release|Win32.ActiveCfg = Release|Win32
		{1F6F6D89-3508-4398-8C7C-915F6020EBEF}.Release|Win32.Build.0 = Release|Win32
		{1F6F6D89-3508-4398-8C7C-915F6020EBEF}.Release|x86.ActiveCfg = Release|Win32
		{1F6F6D89-3508-4398-8C7C-915F6020EBEF}.Test|Any CPU.ActiveCfg = Test|Win32
		{1F6F6D89-3508-4398-8C7C-915F6020EBEF}.Test|Mixed Platforms.ActiveCfg = Test|Win32
		{1F6F6D89-3508-4398-8C7C-915F6020EBEF}.Test|Mixed Platforms.Build.0 = Test|Win32
		{1F6F6D89-3508-4398-8C7C-915F6020EBEF}.Test|Win32.ActiveCfg = Test|Win32
		{1F6F6D89-3508-4398-8C7C-915F6020EBEF}.Test|Win32.Build.0 = Test|Win32
		{1F6F6D89-3508-4398-8C7C-915F6020EBEF}.Test|x86.ActiveCfg = Test|Win32
		{F6388758-2725-452B-ACA1-4E0025DBD8F1}.Debug|Any CPU.ActiveCfg = Debug|Win32
		{F6388758-2725-452B-ACA1-4E0025DBD8F1}.Debug|Mixed Platforms.ActiveCfg = Debug|Win32
		{F6388758-2725-452B-ACA1-4E0025DBD8F1}.Debug|Mixed Platforms.Build.0 = Debug|Win32
		{F6388758-2725-452B-ACA1-4E0025DBD8F1}.Debug|Win32.ActiveCfg = Debug|Win32
		{F6388758-2725-452B-ACA1-4E0025DBD8F1}.Debug|Win32.Build.0 = Debug|Win32
		{F6388758-2725-452B-ACA1-4E0025DBD8F1}.Debug|x86.ActiveCfg = Debug|Win32
		{F6388758-2725-452B-ACA1-4E0025DBD8F1}.Release|Any CPU.ActiveCfg = Release|Win32
		{F6388758-2725-452B-ACA1-4E0025DBD8F1}.Release|Mixed Platforms.ActiveCfg = Release|Win32
		{F6388758-2725-452B-ACA1-4E0025DBD8F1}.Release|Mixed Platforms.Build.0 = Release|Win32
		{F6388758-2725-452B-ACA1-4E0025DBD8F1}.Release|Win32.ActiveCfg = Release|Win32
		{F6388758-2725-452B-ACA1-4E0025DBD8F1}.Release|Win32.Build.0 = Release|Win32
		{F6388758-2725-452B-ACA1-4E0025DBD8F1}.Release|x86.ActiveCfg = Release|Win32
		{F6388758-2725-452B-ACA1-4E0025DBD8F1}.Test|Any CPU.ActiveCfg = Release|Win32
		{F6388758-2725-452B-ACA1-4E0025DBD8F1}.Test|Mixed Platforms.ActiveCfg = Release|Win32
		{F6388758-2725-452B-ACA1-4E0025DBD8F1}.Test|Mixed Platforms.Build.0 = Release|Win32
		{F6388758-2725-452B-ACA1-4E0025DBD8F1}.Test|Win32.ActiveCfg = Release|Win32
		{F6388758-2725-452B-ACA1-4E0025DBD8F1}.Test|Win32.Build.0 = Release|Win32
		{F6388758-2725-452B-ACA1-4E0025DBD8F1}.Test|x86.ActiveCfg = Release|Win32
		{DC9308A8-C60D-4D8D-8536-001AB20207BB}.Debug|Any CPU.ActiveCfg = Debug|x86
		{DC9308A8-C60D-4D8D-8536-001AB20207BB}.Debug|Mixed Platforms.ActiveCfg = Debug|x86
		{DC9308A8-C60D-4D8D-8536-001AB20207BB}.Debug|Mixed Platforms.Build.0 = Debug|x86
		{DC9308A8-C60D-4D8D-8536-001AB20207BB}.Debug|Win32.ActiveCfg = Debug|x86
		{DC9308A8-C60D-4D8D-8536-001AB20207BB}.Debug|x86.ActiveCfg = Debug|x86
		{DC9308A8-C60D-4D8D-8536-001AB20207BB}.Debug|x86.Build.0 = Debug|x86
		{DC9308A8-C60D-4D8D-8536-001AB20207BB}.Release|Any CPU.ActiveCfg = Release|x86
		{DC9308A8-C60D-4D8D-8536-001AB20207BB}.Release|Mixed Platforms.ActiveCfg = Release|x86
		{DC9308A8-C60D-4D8D-8536-001AB20207BB}.Release|Mixed Platforms.Build.0 = Release|x86
		{DC9308A8-C60D-4D8D-8536-001AB20207BB}.Release|Win32.ActiveCfg = Release|x86
		{DC9308A8-C60D-4D8D-8536-001AB20207BB}.Release|x86.ActiveCfg = Release|x86
		{DC9308A8-C60D-4D8D-8536-001AB20207BB}.Release|x86.Build.0 = Release|x86
		{DC9308A8-C60D-4D8D-8536-001AB20207BB}.Test|Any CPU.ActiveCfg = Release|x86
		{DC9308A8-C60D-4D8D-8536-001AB20207BB}.Test|Mixed Platforms.ActiveCfg = Release|x86
		{DC9308A8-C60D-4D8D-8536-001AB20207BB}.Test|Mixed Platforms.Build.0 = Release|x86
		{DC9308A8-C60D-4D8D-8536-001AB20207BB}.Test|Win32.ActiveCfg = Release|x86
		{DC9308A8-C60D-4D8D-8536-001AB20207BB}.Test|x86.ActiveCfg = Release|x86
		{DC9308A8-C60D-4D8D-8536-001AB20207BB}.Test|x86.Build.0 = Release|x86
		{EA7EDFE1-07C3-403D-9440-CA52D6454623}.Debug|Any CPU.ActiveCfg = Debug|Any CPU
		{EA7EDFE1-07C3-403D-9440-CA52D6454623}.Debug|Any CPU.Build.0 = Debug|Any CPU
		{EA7EDFE1-07C3-403D-9440-CA52D6454623}.Debug|Mixed Platforms.ActiveCfg = Debug|Any CPU
		{EA7EDFE1-07C3-403D-9440-CA52D6454623}.Debug|Mixed Platforms.Build.0 = Debug|Any CPU
		{EA7EDFE1-07C3-403D-9440-CA52D6454623}.Debug|Win32.ActiveCfg = Debug|Any CPU
		{EA7EDFE1-07C3-403D-9440-CA52D6454623}.Debug|x86.ActiveCfg = Debug|Any CPU
		{EA7EDFE1-07C3-403D-9440-CA52D6454623}.Release|Any CPU.ActiveCfg = Release|Any CPU
		{EA7EDFE1-07C3-403D-9440-CA52D6454623}.Release|Any CPU.Build.0 = Release|Any CPU
		{EA7EDFE1-07C3-403D-9440-CA52D6454623}.Release|Mixed Platforms.ActiveCfg = Release|Any CPU
		{EA7EDFE1-07C3-403D-9440-CA52D6454623}.Release|Mixed Platforms.Build.0 = Release|Any CPU
		{EA7EDFE1-07C3-403D-9440-CA52D6454623}.Release|Win32.ActiveCfg = Release|Any CPU
		{EA7EDFE1-07C3-403D-9440-CA52D6454623}.Release|x86.ActiveCfg = Release|Any CPU
		{EA7EDFE1-07C3-403D-9440-CA52D6454623}.Test|Any CPU.ActiveCfg = Release|Any CPU
		{EA7EDFE1-07C3-403D-9440-CA52D6454623}.Test|Any CPU.Build.0 = Release|Any CPU
		{EA7EDFE1-07C3-403D-9440-CA52D6454623}.Test|Mixed Platforms.ActiveCfg = Release|Any CPU
		{EA7EDFE1-07C3-403D-9440-CA52D6454623}.Test|Mixed Platforms.Build.0 = Release|Any CPU
		{EA7EDFE1-07C3-403D-9440-CA52D6454623}.Test|Win32.ActiveCfg = Release|Any CPU
		{EA7EDFE1-07C3-403D-9440-CA52D6454623}.Test|x86.ActiveCfg = Release|Any CPU
		{CD0A29D9-4956-46D4-B597-76FEF7A9D06D}.Debug|Any CPU.ActiveCfg = Debug|Win32
		{CD0A29D9-4956-46D4-B597-76FEF7A9D06D}.Debug|Mixed Platforms.ActiveCfg = Debug|Win32
		{CD0A29D9-4956-46D4-B597-76FEF7A9D06D}.Debug|Mixed Platforms.Build.0 = Debug|Win32
		{CD0A29D9-4956-46D4-B597-76FEF7A9D06D}.Debug|Win32.ActiveCfg = Debug|Win32
		{CD0A29D9-4956-46D4-B597-76FEF7A9D06D}.Debug|Win32.Build.0 = Debug|Win32
		{CD0A29D9-4956-46D4-B597-76FEF7A9D06D}.Debug|x86.ActiveCfg = Debug|Win32
		{CD0A29D9-4956-46D4-B597-76FEF7A9D06D}.Debug|x86.Build.0 = Debug|Win32
		{CD0A29D9-4956-46D4-B597-76FEF7A9D06D}.Release|Any CPU.ActiveCfg = Release|Win32
		{CD0A29D9-4956-46D4-B597-76FEF7A9D06D}.Release|Mixed Platforms.ActiveCfg = Release|Win32
		{CD0A29D9-4956-46D4-B597-76FEF7A9D06D}.Release|Mixed Platforms.Build.0 = Release|Win32
		{CD0A29D9-4956-46D4-B597-76FEF7A9D06D}.Release|Win32.ActiveCfg = Release|Win32
		{CD0A29D9-4956-46D4-B597-76FEF7A9D06D}.Release|Win32.Build.0 = Release|Win32
		{CD0A29D9-4956-46D4-B597-76FEF7A9D06D}.Release|x86.ActiveCfg = Release|Win32
		{CD0A29D9-4956-46D4-B597-76FEF7A9D06D}.Release|x86.Build.0 = Release|Win32
		{CD0A29D9-4956-46D4-B597-76FEF7A9D06D}.Test|Any CPU.ActiveCfg = Release|Win32
		{CD0A29D9-4956-46D4-B597-76FEF7A9D06D}.Test|Mixed Platforms.ActiveCfg = Release|Win32
		{CD0A29D9-4956-46D4-B597-76FEF7A9D06D}.Test|Mixed Platforms.Build.0 = Release|Win32
		{CD0A29D9-4956-46D4-B597-76FEF7A9D06D}.Test|Win32.ActiveCfg = Release|Win32
		{CD0A29D9-4956-46D4-B597-76FEF7A9D06D}.Test|Win32.Build.0 = Release|Win32
		{CD0A29D9-4956-46D4-B597-76FEF7A9D06D}.Test|x86.ActiveCfg = Release|Win32
		{CD0A29D9-4956-46D4-B597-76FEF7A9D06D}.Test|x86.Build.0 = Release|Win32
	EndGlobalSection
	GlobalSection(SolutionProperties) = preSolution
		HideSolutionNode = FALSE
	EndGlobalSection
EndGlobal
